
Microsoft Visual Studio Solution File, Format Version 12.00
# Visual Studio 15
VisualStudioVersion = 15.0.27004.2005
MinimumVisualStudioVersion = 10.0.40219.1
Project("{2150E333-8FDC-42A3-9474-1A3956D46DE8}") = "build", "build", "{D9E029F3-32FB-4C7E-B860-D44C72D0B889}"
    ProjectSection(SolutionItems) = preProject
        .travis.yml = .travis.yml
        appveyor.yml = appveyor.yml
        bitbucket-pipelines.yml = bitbucket-pipelines.yml
        Directory.Build.props = Directory.Build.props
    EndProjectSection
EndProject
Project("{2150E333-8FDC-42A3-9474-1A3956D46DE8}") = "Solution Items", "Solution Items", "{3D447951-6950-468A-85C0-4E7318F1E3E9}"
    ProjectSection(SolutionItems) = preProject
        .gitattributes = .gitattributes
        .gitignore = .gitignore
        README.md = README.md
    EndProjectSection
EndProject
Project("{2150E333-8FDC-42A3-9474-1A3956D46DE8}") = "source", "source", "{CD652199-FC50-4643-A3A6-27A82EB729E8}"
EndProject
Project("{9A19103F-16F7-4668-BE54-9A1E7A4F7556}") = "Calculator.Core", "source\Calculator.Core\Calculator.Core.csproj", "{7035F06C-2152-4C89-9734-88E8A4D4B6A7}"
EndProject
Project("{2150E333-8FDC-42A3-9474-1A3956D46DE8}") = "tests", "tests", "{7CB48037-B8E6-4D89-8788-E145958CE8CF}"
EndProject
Project("{9A19103F-16F7-4668-BE54-9A1E7A4F7556}") = "Calculator.Core.Tests", "tests\Calculator.Core.Tests\Calculator.Core.Tests.csproj", "{3FF52F2C-352B-4E7A-9CE3-4EC1133166C2}"
EndProject
Project("{2150E333-8FDC-42A3-9474-1A3956D46DE8}") = ".circleci", ".circleci", "{79A13352-2C36-47DB-90E0-AF6EE44B4329}"
EndProject
Global
    GlobalSection(SolutionConfigurationPlatforms) = preSolution
        Debug|Any CPU = Debug|Any CPU
        Release|Any CPU = Release|Any CPU
    EndGlobalSection
    GlobalSection(ProjectConfigurationPlatforms) = postSolution
        {7035F06C-2152-4C89-9734-88E8A4D4B6A7}.Debug|Any CPU.ActiveCfg = Debug|Any CPU
        {7035F06C-2152-4C89-9734-88E8A4D4B6A7}.Debug|Any CPU.Build.0 = Debug|Any CPU
        {7035F06C-2152-4C89-9734-88E8A4D4B6A7}.Release|Any CPU.ActiveCfg = Release|Any CPU
        {7035F06C-2152-4C89-9734-88E8A4D4B6A7}.Release|Any CPU.Build.0 = Release|Any CPU
        {3FF52F2C-352B-4E7A-9CE3-4EC1133166C2}.Debug|Any CPU.ActiveCfg = Debug|Any CPU
        {3FF52F2C-352B-4E7A-9CE3-4EC1133166C2}.Debug|Any CPU.Build.0 = Debug|Any CPU
        {3FF52F2C-352B-4E7A-9CE3-4EC1133166C2}.Release|Any CPU.ActiveCfg = Release|Any CPU
        {3FF52F2C-352B-4E7A-9CE3-4EC1133166C2}.Release|Any CPU.Build.0 = Release|Any CPU
    EndGlobalSection
    GlobalSection(SolutionProperties) = preSolution
        HideSolutionNode = FALSE
    EndGlobalSection
    GlobalSection(NestedProjects) = preSolution
        {7035F06C-2152-4C89-9734-88E8A4D4B6A7} = {CD652199-FC50-4643-A3A6-27A82EB729E8}
        {3FF52F2C-352B-4E7A-9CE3-4EC1133166C2} = {7CB48037-B8E6-4D89-8788-E145958CE8CF}
        {79A13352-2C36-47DB-90E0-AF6EE44B4329} = {D9E029F3-32FB-4C7E-B860-D44C72D0B889}
    EndGlobalSection
    GlobalSection(ExtensibilityGlobals) = postSolution
        SolutionGuid = {7243B696-0018-41B8-8842-74C7046CB05C}
    EndGlobalSection
EndGlobal
